
Microsoft Visual Studio Solution File, Format Version 12.00
# Visual Studio Version 17
VisualStudioVersion = 17.6.33723.286
MinimumVisualStudioVersion = 10.0.40219.1
Project("{9A19103F-16F7-4668-BE54-9A1E7A4F7556}") = "Presupuesto", "Presupuesto\Presupuesto.csproj", "{5C615ECE-1023-4FFB-B6D3-3CA191D34EC0}"
EndProject
Project("{FAE04EC0-301F-11D3-BF4B-00C04F79EFBC}") = "Domain", "Domain\Domain.csproj", "{6B6FDB6F-389E-4459-879D-B3F125DF6D8D}"
EndProject
Project("{FAE04EC0-301F-11D3-BF4B-00C04F79EFBC}") = "Insfrastructure", "Insfrastructure\Insfrastructure.csproj", "{82E57999-AC48-4B72-B513-FE8D1A5E955B}"
EndProject
Global
	GlobalSection(SolutionConfigurationPlatforms) = preSolution
		Debug|Any CPU = Debug|Any CPU
		Release|Any CPU = Release|Any CPU
	EndGlobalSection
	GlobalSection(ProjectConfigurationPlatforms) = postSolution
		{5C615ECE-1023-4FFB-B6D3-3CA191D34EC0}.Debug|Any CPU.ActiveCfg = Debug|Any CPU
		{5C615ECE-1023-4FFB-B6D3-3CA191D34EC0}.Debug|Any CPU.Build.0 = Debug|Any CPU
		{5C615ECE-1023-4FFB-B6D3-3CA191D34EC0}.Release|Any CPU.ActiveCfg = Release|Any CPU
		{5C615ECE-1023-4FFB-B6D3-3CA191D34EC0}.Release|Any CPU.Build.0 = Release|Any CPU
		{6B6FDB6F-389E-4459-879D-B3F125DF6D8D}.Debug|Any CPU.ActiveCfg = Debug|Any CPU
		{6B6FDB6F-389E-4459-879D-B3F125DF6D8D}.Debug|Any CPU.Build.0 = Debug|Any CPU
		{6B6FDB6F-389E-4459-879D-B3F125DF6D8D}.Release|Any CPU.ActiveCfg = Release|Any CPU
		{6B6FDB6F-389E-4459-879D-B3F125DF6D8D}.Release|Any CPU.Build.0 = Release|Any CPU
		{82E57999-AC48-4B72-B513-FE8D1A5E955B}.Debug|Any CPU.ActiveCfg = Debug|Any CPU
		{82E57999-AC48-4B72-B513-FE8D1A5E955B}.Debug|Any CPU.Build.0 = Debug|Any CPU
		{82E57999-AC48-4B72-B513-FE8D1A5E955B}.Release|Any CPU.ActiveCfg = Release|Any CPU
		{82E57999-AC48-4B72-B513-FE8D1A5E955B}.Release|Any CPU.Build.0 = Release|Any CPU
	EndGlobalSection
	GlobalSection(SolutionProperties) = preSolution
		HideSolutionNode = FALSE
	EndGlobalSection
	GlobalSection(ExtensibilityGlobals) = postSolution
		SolutionGuid = {9A3E2E06-0B58-4EC2-8799-52838FF977EF}
	EndGlobalSection
EndGlobal
